<Solution>
  <Folder Name="/src/" />
  <Folder Name="/src/Application/" />
  <Folder Name="/src/Domain/">
    <Project Path="Todo.Domain/Todo.Domain.csproj" Id="617cde5c-812f-418e-9c80-aba46315c66e" />
  </Folder>
  <Folder Name="/src/Infrastructure/">
    <Project Path="Todo.Infrastructure/Todo.Infrastructure.csproj" Id="f49e8375-bd2c-4e1b-a285-85eda71d6498" />
  </Folder>
  <Folder Name="/src/Presentation/">
    <Project Path="Todo.API/Todo.API.csproj" Id="b3eb64dc-4f85-439e-8cc0-3638ef5de691" />
  </Folder>
</Solution>
